
Microsoft Visual Studio Solution File, Format Version 12.00
# Visual Studio Version 17
VisualStudioVersion = 17.5.002.0
MinimumVisualStudioVersion = 10.0.40219.1
Project("{9A19103F-16F7-4668-BE54-9A1E7A4F7556}") = "caronomics.client", "caronomics.client\\caronomics.client.csproj", "{CDDB0F23-7808-4C1E-BFE9-861D57BA524C}"
EndProject
Project("{FAE04EC0-301F-11D3-BF4B-00C04F79EFBC}") = "caronomics.api", "caronomics.api\caronomics.api.csproj", "{93321FBE-8C6D-4933-B76D-9B4BF2E15C69}"
EndProject
Global
	GlobalSection(SolutionConfigurationPlatforms) = preSolution
		Debug|Any CPU = Debug|Any CPU
		Release|Any CPU = Release|Any CPU
	EndGlobalSection
	GlobalSection(ProjectConfigurationPlatforms) = postSolution
		{CDDB0F23-7808-4C1E-BFE9-861D57BA524C}.Debug|Any CPU.ActiveCfg = Debug|Any CPU
		{CDDB0F23-7808-4C1E-BFE9-861D57BA524C}.Debug|Any CPU.Build.0 = Debug|Any CPU
		{CDDB0F23-7808-4C1E-BFE9-861D57BA524C}.Release|Any CPU.ActiveCfg = Release|Any CPU
		{CDDB0F23-7808-4C1E-BFE9-861D57BA524C}.Release|Any CPU.Build.0 = Release|Any CPU
		{93321FBE-8C6D-4933-B76D-9B4BF2E15C69}.Debug|Any CPU.ActiveCfg = Debug|Any CPU
		{93321FBE-8C6D-4933-B76D-9B4BF2E15C69}.Debug|Any CPU.Build.0 = Debug|Any CPU
		{93321FBE-8C6D-4933-B76D-9B4BF2E15C69}.Release|Any CPU.ActiveCfg = Release|Any CPU
		{93321FBE-8C6D-4933-B76D-9B4BF2E15C69}.Release|Any CPU.Build.0 = Release|Any CPU
	EndGlobalSection
	GlobalSection(SolutionProperties) = preSolution
		HideSolutionNode = FALSE
	EndGlobalSection
	GlobalSection(ExtensibilityGlobals) = postSolution
		SolutionGuid = {44764926-714C-4F8D-9DA4-11EEF03683EE}
	EndGlobalSection
EndGlobal
